Microsoft Visual Studio Solution File, Format Version 11.00
# Visual Studio 2008

Project("{70DDA5DF-B805-3DC6-D1C4-92574BCE9BFD}") = "color", "Assembly-CSharp.csproj", "{993DEC2E-EAB7-5042-B2AA-28030DA4EBE6}"
EndProject
Global
	GlobalSection(SolutionConfigurationPlatforms) = preSolution
		Debug|Any CPU = Debug|Any CPU
		Release|Any CPU = Release|Any CPU
	EndGlobalSection
	GlobalSection(ProjectConfigurationPlatforms) = postSolution
		{993DEC2E-EAB7-5042-B2AA-28030DA4EBE6}.Debug|Any CPU.ActiveCfg = Debug|Any CPU
		{993DEC2E-EAB7-5042-B2AA-28030DA4EBE6}.Debug|Any CPU.Build.0 = Debug|Any CPU
		{993DEC2E-EAB7-5042-B2AA-28030DA4EBE6}.Release|Any CPU.ActiveCfg = Release|Any CPU
		{993DEC2E-EAB7-5042-B2AA-28030DA4EBE6}.Release|Any CPU.Build.0 = Release|Any CPU
	EndGlobalSection
	GlobalSection(SolutionProperties) = preSolution
		HideSolutionNode = FALSE
	EndGlobalSection
	GlobalSection(MonoDevelopProperties) = preSolution
		StartupItem = Assembly-CSharp.csproj
	EndGlobalSection
EndGlobal
